PODS:
  - Alamofire (3.2.1)
  - GoogleMaps (1.12.2)
  - QRCodeReader.swift (5.3.1)
  - SwiftyJSON (2.3.2)

DEPENDENCIES:
  - Alamofire (~> 3.0)
  - GoogleMaps
  - QRCodeReader.swift (~> 5.3.1)
  - SwiftyJSON (~> 2.3.0)

SPEC CHECKSUMS:
  Alamofire: f11d8624a05f5d39e0c99309b3e600a3ba64298a
  GoogleMaps: cc76edaa94a4284e80ecd7089ed319d1cca5f37e
  QRCodeReader.swift: 6aa05e4b9123f5bbbe1e7f1d5df28d590cc56775
  SwiftyJSON: 04ccea08915aa0109039157c7974cf0298da292a

COCOAPODS: 0.39.0
